<?xml version="1.0" encoding="utf-8"?>
<Project ToolsVersion="4.0" xmlns="http://schemas.microsoft.com/developer/msbuild/2003">
  <ItemGroup>
    <Filter Include="Source Files">
      <UniqueIdentifier>{4FC737F1-C7A5-4376-A066-2A32D752A2FF}</UniqueIdentifier>
      <Extensions>cpp;c;cc;cxx;def;odl;idl;hpj;bat;asm;asmx</Extensions>
    </Filter>
    <Filter Include="Header Files">
      <UniqueIdentifier>{93995380-89BD-4b04-88EB-625FBE52EBFB}</UniqueIdentifier>
      <Extensions>h;hpp;hxx;hm;inl;inc;xsd</Extensions>
    </Filter>
    <Filter Include="Resource Files">
      <UniqueIdentifier>{67DA6AB6-F800-4c08-8B7A-83BB121AAD01}</UniqueIdentifier>
      <Extensions>rc;ico;cur;bmp;dlg;rc2;rct;bin;rgs;gif;jpg;jpeg;jpe;resx;tiff;tif;png;wav;mfcribbon-ms</Extensions>
    </Filter>
  </ItemGroup>
  <ItemGroup>
    <ClCompile Include="main.cpp">
      <Filter>Source Files</Filter>
    </ClCompile>
    <ClCompile Include="147.cpp">
      <Filter>Source Files</Filter>
    </ClCompile>
    <ClCompile Include="163.cpp">
      <Filter>Source Files</Filter>
    </ClCompile>
    <ClCompile Include="153.cpp">
      <Filter>Source Files</Filter>
    </ClCompile>
    <ClCompile Include="156.cpp">
      <Filter>Source Files</Filter>
    </ClCompile>
    <ClCompile Include="152.cpp">
      <Filter>Source Files</Filter>
    </ClCompile>
    <ClCompile Include="13.cpp">
      <Filter>Source Files</Filter>
    </ClCompile>
    <ClCompile Include="160.cpp">
      <Filter>Source Files</Filter>
    </ClCompile>
    <ClCompile Include="74.cpp">
      <Filter>Source Files</Filter>
    </ClCompile>
    <ClCompile Include="2.cpp">
      <Filter>Source Files</Filter>
    </ClCompile>
    <ClCompile Include="27.cpp">
      <Filter>Source Files</Filter>
    </ClCompile>
    <ClCompile Include="16.cpp">
      <Filter>Source Files</Filter>
    </ClCompile>
    <ClCompile Include="52.cpp">
      <Filter>Source Files</Filter>
    </ClCompile>
    <ClCompile Include="76.cpp">
      <Filter>Source Files</Filter>
    </ClCompile>
    <ClCompile Include="144.cpp">
      <Filter>Source Files</Filter>
    </ClCompile>
    <ClCompile Include="25.cpp">
      <Filter>Source Files</Filter>
    </ClCompile>
    <ClCompile Include="1.cpp">
      <Filter>Source Files</Filter>
    </ClCompile>
    <ClCompile Include="3.cpp">
      <Filter>Source Files</Filter>
    </ClCompile>
    <ClCompile Include="4.cpp">
      <Filter>Source Files</Filter>
    </ClCompile>
    <ClCompile Include="8.cpp">
      <Filter>Source Files</Filter>
    </ClCompile>
    <ClCompile Include="10.cpp">
      <Filter>Source Files</Filter>
    </ClCompile>
    <ClCompile Include="15.cpp">
      <Filter>Source Files</Filter>
    </ClCompile>
    <ClCompile Include="18.cpp">
      <Filter>Source Files</Filter>
    </ClCompile>
    <ClCompile Include="19.cpp">
      <Filter>Source Files</Filter>
    </ClCompile>
    <ClCompile Include="20.cpp">
      <Filter>Source Files</Filter>
    </ClCompile>
    <ClCompile Include="21.cpp">
      <Filter>Source Files</Filter>
    </ClCompile>
    <ClCompile Include="22.cpp">
      <Filter>Source Files</Filter>
    </ClCompile>
    <ClCompile Include="23.cpp">
      <Filter>Source Files</Filter>
    </ClCompile>
    <ClCompile Include="24.cpp">
      <Filter>Source Files</Filter>
    </ClCompile>
    <ClCompile Include="26.cpp">
      <Filter>Source Files</Filter>
    </ClCompile>
    <ClCompile Include="29.cpp">
      <Filter>Source Files</Filter>
    </ClCompile>
    <ClCompile Include="30.cpp">
      <Filter>Source Files</Filter>
    </ClCompile>
    <ClCompile Include="31.cpp">
      <Filter>Source Files</Filter>
    </ClCompile>
    <ClCompile Include="32.cpp">
      <Filter>Source Files</Filter>
    </ClCompile>
    <ClCompile Include="39.cpp">
      <Filter>Source Files</Filter>
    </ClCompile>
    <ClCompile Include="40.cpp">
      <Filter>Source Files</Filter>
    </ClCompile>
    <ClCompile Include="46.cpp">
      <Filter>Source Files</Filter>
    </ClCompile>
    <ClCompile Include="57.cpp">
      <Filter>Source Files</Filter>
    </ClCompile>
    <ClCompile Include="62.cpp">
      <Filter>Source Files</Filter>
    </ClCompile>
    <ClCompile Include="63.cpp">
      <Filter>Source Files</Filter>
    </ClCompile>
    <ClCompile Include="67.cpp">
      <Filter>Source Files</Filter>
    </ClCompile>
    <ClCompile Include="68.cpp">
      <Filter>Source Files</Filter>
    </ClCompile>
    <ClCompile Include="79.cpp">
      <Filter>Source Files</Filter>
    </ClCompile>
    <ClCompile Include="82.cpp">
      <Filter>Source Files</Filter>
    </ClCompile>
    <ClCompile Include="83.cpp">
      <Filter>Source Files</Filter>
    </ClCompile>
    <ClCompile Include="87.cpp">
      <Filter>Source Files</Filter>
    </ClCompile>
    <ClCompile Include="91.cpp">
      <Filter>Source Files</Filter>
    </ClCompile>
    <ClCompile Include="92.cpp">
      <Filter>Source Files</Filter>
    </ClCompile>
    <ClCompile Include="93.cpp">
      <Filter>Source Files</Filter>
    </ClCompile>
    <ClCompile Include="96.cpp">
      <Filter>Source Files</Filter>
    </ClCompile>
    <ClCompile Include="97.cpp">
      <Filter>Source Files</Filter>
    </ClCompile>
    <ClCompile Include="98.cpp">
      <Filter>Source Files</Filter>
    </ClCompile>
    <ClCompile Include="99.cpp">
      <Filter>Source Files</Filter>
    </ClCompile>
    <ClCompile Include="100.cpp">
      <Filter>Source Files</Filter>
    </ClCompile>
  </ItemGroup>
  <ItemGroup>
    <ClInclude Include="problem.h">
      <Filter>Header Files</Filter>
    </ClInclude>
    <ClInclude Include="147.h">
      <Filter>Header Files</Filter>
    </ClInclude>
    <ClInclude Include="problems.h">
      <Filter>Header Files</Filter>
    </ClInclude>
    <ClInclude Include="163.h">
      <Filter>Header Files</Filter>
    </ClInclude>
    <ClInclude Include="156.h">
      <Filter>Header Files</Filter>
    </ClInclude>
    <ClInclude Include="152.h">
      <Filter>Header Files</Filter>
    </ClInclude>
    <ClInclude Include="13.h">
      <Filter>Header Files</Filter>
    </ClInclude>
    <ClInclude Include="160.h">
      <Filter>Header Files</Filter>
    </ClInclude>
    <ClInclude Include="74.h">
      <Filter>Header Files</Filter>
    </ClInclude>
    <ClInclude Include="150.h">
      <Filter>Header Files</Filter>
    </ClInclude>
    <ClInclude Include="153.h">
      <Filter>Header Files</Filter>
    </ClInclude>
    <ClInclude Include="2.h">
      <Filter>Header Files</Filter>
    </ClInclude>
    <ClInclude Include="27.h">
      <Filter>Header Files</Filter>
    </ClInclude>
    <ClInclude Include="16.h">
      <Filter>Header Files</Filter>
    </ClInclude>
    <ClInclude Include="52.h">
      <Filter>Header Files</Filter>
    </ClInclude>
    <ClInclude Include="76.h">
      <Filter>Header Files</Filter>
    </ClInclude>
    <ClInclude Include="144.h">
      <Filter>Header Files</Filter>
    </ClInclude>
    <ClInclude Include="helpers\cpucycles.h">
      <Filter>Header Files</Filter>
    </ClInclude>
    <ClInclude Include="25.h">
      <Filter>Header Files</Filter>
    </ClInclude>
    <ClInclude Include="1.h">
      <Filter>Header Files</Filter>
    </ClInclude>
    <ClInclude Include="3.h">
      <Filter>Header Files</Filter>
    </ClInclude>
    <ClInclude Include="4.h">
      <Filter>Header Files</Filter>
    </ClInclude>
    <ClInclude Include="8.h">
      <Filter>Header Files</Filter>
    </ClInclude>
    <ClInclude Include="10.h">
      <Filter>Header Files</Filter>
    </ClInclude>
    <ClInclude Include="15.h">
      <Filter>Header Files</Filter>
    </ClInclude>
    <ClInclude Include="18.h">
      <Filter>Header Files</Filter>
    </ClInclude>
    <ClInclude Include="19.h">
      <Filter>Header Files</Filter>
    </ClInclude>
    <ClInclude Include="20.h">
      <Filter>Header Files</Filter>
    </ClInclude>
    <ClInclude Include="21.h">
      <Filter>Header Files</Filter>
    </ClInclude>
    <ClInclude Include="22.h">
      <Filter>Header Files</Filter>
    </ClInclude>
    <ClInclude Include="23.h">
      <Filter>Header Files</Filter>
    </ClInclude>
    <ClInclude Include="24.h">
      <Filter>Header Files</Filter>
    </ClInclude>
    <ClInclude Include="26.h">
      <Filter>Header Files</Filter>
    </ClInclude>
    <ClInclude Include="29.h">
      <Filter>Header Files</Filter>
    </ClInclude>
    <ClInclude Include="30.h">
      <Filter>Header Files</Filter>
    </ClInclude>
    <ClInclude Include="31.h">
      <Filter>Header Files</Filter>
    </ClInclude>
    <ClInclude Include="32.h">
      <Filter>Header Files</Filter>
    </ClInclude>
    <ClInclude Include="39.h">
      <Filter>Header Files</Filter>
    </ClInclude>
    <ClInclude Include="40.h">
      <Filter>Header Files</Filter>
    </ClInclude>
    <ClInclude Include="46.h">
      <Filter>Header Files</Filter>
    </ClInclude>
    <ClInclude Include="57.h">
      <Filter>Header Files</Filter>
    </ClInclude>
    <ClInclude Include="62.h">
      <Filter>Header Files</Filter>
    </ClInclude>
    <ClInclude Include="63.h">
      <Filter>Header Files</Filter>
    </ClInclude>
    <ClInclude Include="67.h">
      <Filter>Header Files</Filter>
    </ClInclude>
    <ClInclude Include="68.h">
      <Filter>Header Files</Filter>
    </ClInclude>
    <ClInclude Include="79.h">
      <Filter>Header Files</Filter>
    </ClInclude>
    <ClInclude Include="82.h">
      <Filter>Header Files</Filter>
    </ClInclude>
    <ClInclude Include="83.h">
      <Filter>Header Files</Filter>
    </ClInclude>
    <ClInclude Include="87.h">
      <Filter>Header Files</Filter>
    </ClInclude>
    <ClInclude Include="91.h">
      <Filter>Header Files</Filter>
    </ClInclude>
    <ClInclude Include="92.h">
      <Filter>Header Files</Filter>
    </ClInclude>
    <ClInclude Include="93.h">
      <Filter>Header Files</Filter>
    </ClInclude>
    <ClInclude Include="96.h">
      <Filter>Header Files</Filter>
    </ClInclude>
    <ClInclude Include="97.h">
      <Filter>Header Files</Filter>
    </ClInclude>
    <ClInclude Include="98.h">
      <Filter>Header Files</Filter>
    </ClInclude>
    <ClInclude Include="99.h">
      <Filter>Header Files</Filter>
    </ClInclude>
    <ClInclude Include="100.h">
      <Filter>Header Files</Filter>
    </ClInclude>
  </ItemGroup>
  <ItemGroup>
    <None Include="1.txt">
      <Filter>Resource Files</Filter>
    </None>
    <None Include="2.txt">
      <Filter>Resource Files</Filter>
    </None>
    <None Include="13.txt">
      <Filter>Resource Files</Filter>
    </None>
    <None Include="16.txt">
      <Filter>Resource Files</Filter>
    </None>
    <None Include="27.txt">
      <Filter>Resource Files</Filter>
    </None>
    <None Include="52.txt">
      <Filter>Resource Files</Filter>
    </None>
    <None Include="74.txt">
      <Filter>Resource Files</Filter>
    </None>
    <None Include="76.txt">
      <Filter>Resource Files</Filter>
    </None>
    <None Include="139.txt">
      <Filter>Resource Files</Filter>
    </None>
    <None Include="144.txt">
      <Filter>Resource Files</Filter>
    </None>
    <None Include="147.txt">
      <Filter>Resource Files</Filter>
    </None>
    <None Include="152.txt">
      <Filter>Resource Files</Filter>
    </None>
    <None Include="153.txt">
      <Filter>Resource Files</Filter>
    </None>
    <None Include="156.txt">
      <Filter>Resource Files</Filter>
    </None>
    <None Include="160.txt">
      <Filter>Resource Files</Filter>
    </None>
    <None Include="163.txt">
      <Filter>Resource Files</Filter>
    </None>
  </ItemGroup>
</Project>