
Microsoft Visual Studio Solution File, Format Version 11.00
# Visual Studio 2010
Project("{FAE04EC0-301F-11D3-BF4B-00C04F79EFBC}") = "codeeval", "codeeval\codeeval.csproj", "{335B4E46-92C1-4ADC-ABE3-46E83E7CA001}"
EndProject
Project("{FAE04EC0-301F-11D3-BF4B-00C04F79EFBC}") = "ConsoleHelper", "ConsoleHelper\ConsoleHelper.csproj", "{87EEB696-D6D8-4AF6-A10A-C1F91B8A072B}"
EndProject
Global
	GlobalSection(SolutionConfigurationPlatforms) = preSolution
		Debug|Mixed Platforms = Debug|Mixed Platforms
		Debug|Win32 = Debug|Win32
		Debug|x86 = Debug|x86
		Release|Mixed Platforms = Release|Mixed Platforms
		Release|Win32 = Release|Win32
		Release|x86 = Release|x86
	EndGlobalSection
	GlobalSection(ProjectConfigurationPlatforms) = postSolution
		{335B4E46-92C1-4ADC-ABE3-46E83E7CA001}.Debug|Mixed Platforms.ActiveCfg = Debug|x86
		{335B4E46-92C1-4ADC-ABE3-46E83E7CA001}.Debug|Mixed Platforms.Build.0 = Debug|x86
		{335B4E46-92C1-4ADC-ABE3-46E83E7CA001}.Debug|Win32.ActiveCfg = Debug|x86
		{335B4E46-92C1-4ADC-ABE3-46E83E7CA001}.Debug|x86.ActiveCfg = Debug|x86
		{335B4E46-92C1-4ADC-ABE3-46E83E7CA001}.Debug|x86.Build.0 = Debug|x86
		{335B4E46-92C1-4ADC-ABE3-46E83E7CA001}.Release|Mixed Platforms.ActiveCfg = Release|x86
		{335B4E46-92C1-4ADC-ABE3-46E83E7CA001}.Release|Mixed Platforms.Build.0 = Release|x86
		{335B4E46-92C1-4ADC-ABE3-46E83E7CA001}.Release|Win32.ActiveCfg = Release|x86
		{335B4E46-92C1-4ADC-ABE3-46E83E7CA001}.Release|x86.ActiveCfg = Release|x86
		{335B4E46-92C1-4ADC-ABE3-46E83E7CA001}.Release|x86.Build.0 = Release|x86
		{87EEB696-D6D8-4AF6-A10A-C1F91B8A072B}.Debug|Mixed Platforms.ActiveCfg = Debug|x86
		{87EEB696-D6D8-4AF6-A10A-C1F91B8A072B}.Debug|Mixed Platforms.Build.0 = Debug|x86
		{87EEB696-D6D8-4AF6-A10A-C1F91B8A072B}.Debug|Win32.ActiveCfg = Debug|x86
		{87EEB696-D6D8-4AF6-A10A-C1F91B8A072B}.Debug|x86.ActiveCfg = Debug|x86
		{87EEB696-D6D8-4AF6-A10A-C1F91B8A072B}.Debug|x86.Build.0 = Debug|x86
		{87EEB696-D6D8-4AF6-A10A-C1F91B8A072B}.Release|Mixed Platforms.ActiveCfg = Release|x86
		{87EEB696-D6D8-4AF6-A10A-C1F91B8A072B}.Release|Mixed Platforms.Build.0 = Release|x86
		{87EEB696-D6D8-4AF6-A10A-C1F91B8A072B}.Release|Win32.ActiveCfg = Release|x86
		{87EEB696-D6D8-4AF6-A10A-C1F91B8A072B}.Release|x86.ActiveCfg = Release|x86
		{87EEB696-D6D8-4AF6-A10A-C1F91B8A072B}.Release|x86.Build.0 = Release|x86
	EndGlobalSection
	GlobalSection(SolutionProperties) = preSolution
		HideSolutionNode = FALSE
	EndGlobalSection
EndGlobal
