<?xml version="1.0" encoding="utf-8"?>
<Project ToolsVersion="4.0" xmlns="http://schemas.microsoft.com/developer/msbuild/2003">
  <ItemGroup>
    <Filter Include="Source Files">
      <UniqueIdentifier>{4FC737F1-C7A5-4376-A066-2A32D752A2FF}</UniqueIdentifier>
      <Extensions>cpp;c;cc;cxx;def;odl;idl;hpj;bat;asm;asmx</Extensions>
    </Filter>
    <Filter Include="Header Files">
      <UniqueIdentifier>{93995380-89BD-4b04-88EB-625FBE52EBFB}</UniqueIdentifier>
      <Extensions>h;hpp;hxx;hm;inl;inc;xsd</Extensions>
    </Filter>
    <Filter Include="Resource Files">
      <UniqueIdentifier>{67DA6AB6-F800-4c08-8B7A-83BB121AAD01}</UniqueIdentifier>
      <Extensions>rc;ico;cur;bmp;dlg;rc2;rct;bin;rgs;gif;jpg;jpeg;jpe;resx;tiff;tif;png;wav;mfcribbon-ms</Extensions>
    </Filter>
    <Filter Include="Header Files\1-20">
      <UniqueIdentifier>{4811a23b-8b8d-47c8-a6a9-506748594fb4}</UniqueIdentifier>
    </Filter>
    <Filter Include="Header Files\21-40">
      <UniqueIdentifier>{c973cf57-e418-4602-9802-fc62881d4a26}</UniqueIdentifier>
    </Filter>
    <Filter Include="Header Files\61-80">
      <UniqueIdentifier>{ef85594f-5854-4b3b-afcf-87802a0974b8}</UniqueIdentifier>
    </Filter>
    <Filter Include="Header Files\81-100">
      <UniqueIdentifier>{93059ed2-f126-4168-842e-6a261797ba41}</UniqueIdentifier>
    </Filter>
    <Filter Include="Header Files\101-120">
      <UniqueIdentifier>{b604fd9c-f6d9-4113-abcd-218b8994d980}</UniqueIdentifier>
    </Filter>
    <Filter Include="Header Files\121-140">
      <UniqueIdentifier>{68f1b0d1-c75d-4d65-a17c-4e6e47eae445}</UniqueIdentifier>
    </Filter>
    <Filter Include="Header Files\141-160">
      <UniqueIdentifier>{b5d2654a-d26a-4080-b525-c6c865ab38ba}</UniqueIdentifier>
    </Filter>
    <Filter Include="Header Files\161-180">
      <UniqueIdentifier>{2b0e905a-a1b7-4c99-85a3-66823eb4fbf0}</UniqueIdentifier>
    </Filter>
    <Filter Include="Header Files\181-200">
      <UniqueIdentifier>{07983518-7f6f-4936-851f-0b4d452d83aa}</UniqueIdentifier>
    </Filter>
    <Filter Include="Source Files\1-20">
      <UniqueIdentifier>{f02d1aef-f695-40c7-9c98-90fa528f04e0}</UniqueIdentifier>
    </Filter>
    <Filter Include="Source Files\21-40">
      <UniqueIdentifier>{ed16ca08-7eb1-4d84-9f0b-22f4307878b7}</UniqueIdentifier>
    </Filter>
    <Filter Include="Source Files\41-60">
      <UniqueIdentifier>{89e7e0ba-bc68-4d39-be86-4728b19feacf}</UniqueIdentifier>
    </Filter>
    <Filter Include="Source Files\61-80">
      <UniqueIdentifier>{e40ed56a-eb01-43d7-a1c5-a99d80c47ac0}</UniqueIdentifier>
    </Filter>
    <Filter Include="Source Files\81-100">
      <UniqueIdentifier>{48459b66-42db-444d-bd0e-3f28b66bb71d}</UniqueIdentifier>
    </Filter>
    <Filter Include="Source Files\101-120">
      <UniqueIdentifier>{653413f8-ba55-443b-9810-b9776709e13d}</UniqueIdentifier>
    </Filter>
    <Filter Include="Source Files\121-140">
      <UniqueIdentifier>{53f1557b-9531-440a-af18-7a8d7e6d3934}</UniqueIdentifier>
    </Filter>
    <Filter Include="Source Files\141-160">
      <UniqueIdentifier>{f406c9ce-cbab-4652-948a-d7293cd0d4bd}</UniqueIdentifier>
    </Filter>
    <Filter Include="Source Files\161-180">
      <UniqueIdentifier>{d18030f2-9903-4018-93ea-4d5fe3532c95}</UniqueIdentifier>
    </Filter>
    <Filter Include="Source Files\181-200">
      <UniqueIdentifier>{ad94bb22-79dd-49fd-a856-39a12b9e4e7c}</UniqueIdentifier>
    </Filter>
    <Filter Include="Header Files\41-60">
      <UniqueIdentifier>{476473f7-3053-41ea-ad6b-12459ded0ea7}</UniqueIdentifier>
    </Filter>
  </ItemGroup>
  <ItemGroup>
    <ClCompile Include="main.cpp">
      <Filter>Source Files</Filter>
    </ClCompile>
    <ClCompile Include="consoleInput.cpp">
      <Filter>Source Files</Filter>
    </ClCompile>
    <ClCompile Include="consoleOutput.cpp">
      <Filter>Source Files</Filter>
    </ClCompile>
    <ClCompile Include="consolePerformance.cpp">
      <Filter>Source Files</Filter>
    </ClCompile>
    <ClCompile Include="1.cpp">
      <Filter>Source Files\1-20</Filter>
    </ClCompile>
    <ClCompile Include="10.cpp">
      <Filter>Source Files\1-20</Filter>
    </ClCompile>
    <ClCompile Include="100.cpp">
      <Filter>Source Files\81-100</Filter>
    </ClCompile>
    <ClCompile Include="12.cpp">
      <Filter>Source Files\1-20</Filter>
    </ClCompile>
    <ClCompile Include="13.cpp">
      <Filter>Source Files\1-20</Filter>
    </ClCompile>
    <ClCompile Include="144.cpp">
      <Filter>Source Files\141-160</Filter>
    </ClCompile>
    <ClCompile Include="147.cpp">
      <Filter>Source Files\141-160</Filter>
    </ClCompile>
    <ClCompile Include="15.cpp">
      <Filter>Source Files\1-20</Filter>
    </ClCompile>
    <ClCompile Include="152.cpp">
      <Filter>Source Files\141-160</Filter>
    </ClCompile>
    <ClCompile Include="153.cpp">
      <Filter>Source Files\141-160</Filter>
    </ClCompile>
    <ClCompile Include="156.cpp">
      <Filter>Source Files\141-160</Filter>
    </ClCompile>
    <ClCompile Include="158.cpp">
      <Filter>Source Files\141-160</Filter>
    </ClCompile>
    <ClCompile Include="16.cpp">
      <Filter>Source Files\1-20</Filter>
    </ClCompile>
    <ClCompile Include="160.cpp">
      <Filter>Source Files\141-160</Filter>
    </ClCompile>
    <ClCompile Include="163.cpp">
      <Filter>Source Files\161-180</Filter>
    </ClCompile>
    <ClCompile Include="167.cpp">
      <Filter>Source Files\161-180</Filter>
    </ClCompile>
    <ClCompile Include="178.cpp">
      <Filter>Source Files\161-180</Filter>
    </ClCompile>
    <ClCompile Include="179.cpp">
      <Filter>Source Files\161-180</Filter>
    </ClCompile>
    <ClCompile Include="18.cpp">
      <Filter>Source Files\1-20</Filter>
    </ClCompile>
    <ClCompile Include="184.cpp">
      <Filter>Source Files\181-200</Filter>
    </ClCompile>
    <ClCompile Include="19.cpp">
      <Filter>Source Files\1-20</Filter>
    </ClCompile>
    <ClCompile Include="20.cpp">
      <Filter>Source Files\1-20</Filter>
    </ClCompile>
    <ClCompile Include="2.cpp">
      <Filter>Source Files\1-20</Filter>
    </ClCompile>
    <ClCompile Include="191.cpp">
      <Filter>Source Files\181-200</Filter>
    </ClCompile>
    <ClCompile Include="192.cpp">
      <Filter>Source Files\181-200</Filter>
    </ClCompile>
    <ClCompile Include="21.cpp">
      <Filter>Source Files\21-40</Filter>
    </ClCompile>
    <ClCompile Include="22.cpp">
      <Filter>Source Files\21-40</Filter>
    </ClCompile>
    <ClCompile Include="29.cpp">
      <Filter>Source Files\21-40</Filter>
    </ClCompile>
    <ClCompile Include="23.cpp">
      <Filter>Source Files\21-40</Filter>
    </ClCompile>
    <ClCompile Include="24.cpp">
      <Filter>Source Files\21-40</Filter>
    </ClCompile>
    <ClCompile Include="25.cpp">
      <Filter>Source Files\21-40</Filter>
    </ClCompile>
    <ClCompile Include="26.cpp">
      <Filter>Source Files\21-40</Filter>
    </ClCompile>
    <ClCompile Include="27.cpp">
      <Filter>Source Files\21-40</Filter>
    </ClCompile>
    <ClCompile Include="3.cpp">
      <Filter>Source Files\1-20</Filter>
    </ClCompile>
    <ClCompile Include="30.cpp">
      <Filter>Source Files\21-40</Filter>
    </ClCompile>
    <ClCompile Include="31.cpp">
      <Filter>Source Files\21-40</Filter>
    </ClCompile>
    <ClCompile Include="32.cpp">
      <Filter>Source Files\21-40</Filter>
    </ClCompile>
    <ClCompile Include="39.cpp">
      <Filter>Source Files\21-40</Filter>
    </ClCompile>
    <ClCompile Include="40.cpp">
      <Filter>Source Files\21-40</Filter>
    </ClCompile>
    <ClCompile Include="4.cpp">
      <Filter>Source Files\1-20</Filter>
    </ClCompile>
    <ClCompile Include="44.cpp">
      <Filter>Source Files\41-60</Filter>
    </ClCompile>
    <ClCompile Include="46.cpp">
      <Filter>Source Files\41-60</Filter>
    </ClCompile>
    <ClCompile Include="52.cpp">
      <Filter>Source Files\41-60</Filter>
    </ClCompile>
    <ClCompile Include="57.cpp">
      <Filter>Source Files\41-60</Filter>
    </ClCompile>
    <ClCompile Include="62.cpp">
      <Filter>Source Files\61-80</Filter>
    </ClCompile>
    <ClCompile Include="63.cpp">
      <Filter>Source Files\61-80</Filter>
    </ClCompile>
    <ClCompile Include="67.cpp">
      <Filter>Source Files\61-80</Filter>
    </ClCompile>
    <ClCompile Include="68.cpp">
      <Filter>Source Files\61-80</Filter>
    </ClCompile>
    <ClCompile Include="74.cpp">
      <Filter>Source Files\61-80</Filter>
    </ClCompile>
    <ClCompile Include="76.cpp">
      <Filter>Source Files\61-80</Filter>
    </ClCompile>
    <ClCompile Include="79.cpp">
      <Filter>Source Files\61-80</Filter>
    </ClCompile>
    <ClCompile Include="82.cpp">
      <Filter>Source Files\81-100</Filter>
    </ClCompile>
    <ClCompile Include="83.cpp">
      <Filter>Source Files\81-100</Filter>
    </ClCompile>
    <ClCompile Include="87.cpp">
      <Filter>Source Files\81-100</Filter>
    </ClCompile>
    <ClCompile Include="91.cpp">
      <Filter>Source Files\81-100</Filter>
    </ClCompile>
    <ClCompile Include="92.cpp">
      <Filter>Source Files\81-100</Filter>
    </ClCompile>
    <ClCompile Include="93.cpp">
      <Filter>Source Files\81-100</Filter>
    </ClCompile>
    <ClCompile Include="96.cpp">
      <Filter>Source Files\81-100</Filter>
    </ClCompile>
    <ClCompile Include="97.cpp">
      <Filter>Source Files\81-100</Filter>
    </ClCompile>
    <ClCompile Include="98.cpp">
      <Filter>Source Files\81-100</Filter>
    </ClCompile>
    <ClCompile Include="99.cpp">
      <Filter>Source Files\81-100</Filter>
    </ClCompile>
    <ClCompile Include="8.cpp">
      <Filter>Source Files\1-20</Filter>
    </ClCompile>
    <ClCompile Include="17.cpp">
      <Filter>Source Files\1-20</Filter>
    </ClCompile>
    <ClCompile Include="146.cpp">
      <Filter>Source Files\141-160</Filter>
    </ClCompile>
    <ClCompile Include="78.cpp">
      <Filter>Source Files\61-80</Filter>
    </ClCompile>
    <ClCompile Include="101.cpp">
      <Filter>Source Files\101-120</Filter>
    </ClCompile>
    <ClCompile Include="66.cpp">
      <Filter>Source Files\61-80</Filter>
    </ClCompile>
    <ClCompile Include="148.cpp">
      <Filter>Source Files\141-160</Filter>
    </ClCompile>
    <ClCompile Include="181.cpp">
      <Filter>Source Files\181-200</Filter>
    </ClCompile>
    <ClCompile Include="75.cpp">
      <Filter>Source Files\61-80</Filter>
    </ClCompile>
    <ClCompile Include="71.cpp">
      <Filter>Source Files\61-80</Filter>
    </ClCompile>
    <ClCompile Include="189.cpp">
      <Filter>Source Files\181-200</Filter>
    </ClCompile>
    <ClCompile Include="149.cpp">
      <Filter>Source Files\141-160</Filter>
    </ClCompile>
    <ClCompile Include="166.cpp">
      <Filter>Source Files\161-180</Filter>
    </ClCompile>
    <ClCompile Include="173.cpp">
      <Filter>Source Files\161-180</Filter>
    </ClCompile>
    <ClCompile Include="174.cpp">
      <Filter>Source Files\161-180</Filter>
    </ClCompile>
    <ClCompile Include="180.cpp">
      <Filter>Source Files\161-180</Filter>
    </ClCompile>
    <ClCompile Include="186.cpp">
      <Filter>Source Files\181-200</Filter>
    </ClCompile>
    <ClCompile Include="183.cpp">
      <Filter>Source Files\181-200</Filter>
    </ClCompile>
    <ClCompile Include="139.cpp">
      <Filter>Source Files\121-140</Filter>
    </ClCompile>
    <ClCompile Include="14.cpp">
      <Filter>Source Files\1-20</Filter>
    </ClCompile>
  </ItemGroup>
  <ItemGroup>
    <ClInclude Include="problem.h">
      <Filter>Header Files</Filter>
    </ClInclude>
    <ClInclude Include="problems.h">
      <Filter>Header Files</Filter>
    </ClInclude>
    <ClInclude Include="helpers\cpucycles.h">
      <Filter>Header Files</Filter>
    </ClInclude>
    <ClInclude Include="consolePerformance.h">
      <Filter>Header Files</Filter>
    </ClInclude>
    <ClInclude Include="consoleOutput.h">
      <Filter>Header Files</Filter>
    </ClInclude>
    <ClInclude Include="consoleInput.h">
      <Filter>Header Files</Filter>
    </ClInclude>
    <ClInclude Include="1.h">
      <Filter>Header Files\1-20</Filter>
    </ClInclude>
    <ClInclude Include="10.h">
      <Filter>Header Files\1-20</Filter>
    </ClInclude>
    <ClInclude Include="13.h">
      <Filter>Header Files\1-20</Filter>
    </ClInclude>
    <ClInclude Include="16.h">
      <Filter>Header Files\1-20</Filter>
    </ClInclude>
    <ClInclude Include="15.h">
      <Filter>Header Files\1-20</Filter>
    </ClInclude>
    <ClInclude Include="12.h">
      <Filter>Header Files\1-20</Filter>
    </ClInclude>
    <ClInclude Include="2.h">
      <Filter>Header Files\1-20</Filter>
    </ClInclude>
    <ClInclude Include="20.h">
      <Filter>Header Files\1-20</Filter>
    </ClInclude>
    <ClInclude Include="21.h">
      <Filter>Header Files\21-40</Filter>
    </ClInclude>
    <ClInclude Include="29.h">
      <Filter>Header Files\21-40</Filter>
    </ClInclude>
    <ClInclude Include="22.h">
      <Filter>Header Files\21-40</Filter>
    </ClInclude>
    <ClInclude Include="23.h">
      <Filter>Header Files\21-40</Filter>
    </ClInclude>
    <ClInclude Include="24.h">
      <Filter>Header Files\21-40</Filter>
    </ClInclude>
    <ClInclude Include="25.h">
      <Filter>Header Files\21-40</Filter>
    </ClInclude>
    <ClInclude Include="26.h">
      <Filter>Header Files\21-40</Filter>
    </ClInclude>
    <ClInclude Include="27.h">
      <Filter>Header Files\21-40</Filter>
    </ClInclude>
    <ClInclude Include="100.h">
      <Filter>Header Files\81-100</Filter>
    </ClInclude>
    <ClInclude Include="144.h">
      <Filter>Header Files\141-160</Filter>
    </ClInclude>
    <ClInclude Include="147.h">
      <Filter>Header Files\141-160</Filter>
    </ClInclude>
    <ClInclude Include="150.h">
      <Filter>Header Files\141-160</Filter>
    </ClInclude>
    <ClInclude Include="152.h">
      <Filter>Header Files\141-160</Filter>
    </ClInclude>
    <ClInclude Include="153.h">
      <Filter>Header Files\141-160</Filter>
    </ClInclude>
    <ClInclude Include="156.h">
      <Filter>Header Files\141-160</Filter>
    </ClInclude>
    <ClInclude Include="160.h">
      <Filter>Header Files\141-160</Filter>
    </ClInclude>
    <ClInclude Include="158.h">
      <Filter>Header Files\141-160</Filter>
    </ClInclude>
    <ClInclude Include="163.h">
      <Filter>Header Files\161-180</Filter>
    </ClInclude>
    <ClInclude Include="179.h">
      <Filter>Header Files\161-180</Filter>
    </ClInclude>
    <ClInclude Include="167.h">
      <Filter>Header Files\161-180</Filter>
    </ClInclude>
    <ClInclude Include="178.h">
      <Filter>Header Files\161-180</Filter>
    </ClInclude>
    <ClInclude Include="4.h">
      <Filter>Header Files\1-20</Filter>
    </ClInclude>
    <ClInclude Include="18.h">
      <Filter>Header Files\1-20</Filter>
    </ClInclude>
    <ClInclude Include="19.h">
      <Filter>Header Files\1-20</Filter>
    </ClInclude>
    <ClInclude Include="3.h">
      <Filter>Header Files\1-20</Filter>
    </ClInclude>
    <ClInclude Include="184.h">
      <Filter>Header Files\181-200</Filter>
    </ClInclude>
    <ClInclude Include="192.h">
      <Filter>Header Files\181-200</Filter>
    </ClInclude>
    <ClInclude Include="191.h">
      <Filter>Header Files\181-200</Filter>
    </ClInclude>
    <ClInclude Include="30.h">
      <Filter>Header Files\21-40</Filter>
    </ClInclude>
    <ClInclude Include="40.h">
      <Filter>Header Files\21-40</Filter>
    </ClInclude>
    <ClInclude Include="31.h">
      <Filter>Header Files\21-40</Filter>
    </ClInclude>
    <ClInclude Include="32.h">
      <Filter>Header Files\21-40</Filter>
    </ClInclude>
    <ClInclude Include="39.h">
      <Filter>Header Files\21-40</Filter>
    </ClInclude>
    <ClInclude Include="44.h">
      <Filter>Header Files\41-60</Filter>
    </ClInclude>
    <ClInclude Include="57.h">
      <Filter>Header Files\41-60</Filter>
    </ClInclude>
    <ClInclude Include="46.h">
      <Filter>Header Files\41-60</Filter>
    </ClInclude>
    <ClInclude Include="52.h">
      <Filter>Header Files\41-60</Filter>
    </ClInclude>
    <ClInclude Include="62.h">
      <Filter>Header Files\61-80</Filter>
    </ClInclude>
    <ClInclude Include="79.h">
      <Filter>Header Files\61-80</Filter>
    </ClInclude>
    <ClInclude Include="63.h">
      <Filter>Header Files\61-80</Filter>
    </ClInclude>
    <ClInclude Include="67.h">
      <Filter>Header Files\61-80</Filter>
    </ClInclude>
    <ClInclude Include="68.h">
      <Filter>Header Files\61-80</Filter>
    </ClInclude>
    <ClInclude Include="74.h">
      <Filter>Header Files\61-80</Filter>
    </ClInclude>
    <ClInclude Include="76.h">
      <Filter>Header Files\61-80</Filter>
    </ClInclude>
    <ClInclude Include="8.h">
      <Filter>Header Files\1-20</Filter>
    </ClInclude>
    <ClInclude Include="82.h">
      <Filter>Header Files\81-100</Filter>
    </ClInclude>
    <ClInclude Include="99.h">
      <Filter>Header Files\81-100</Filter>
    </ClInclude>
    <ClInclude Include="83.h">
      <Filter>Header Files\81-100</Filter>
    </ClInclude>
    <ClInclude Include="87.h">
      <Filter>Header Files\81-100</Filter>
    </ClInclude>
    <ClInclude Include="91.h">
      <Filter>Header Files\81-100</Filter>
    </ClInclude>
    <ClInclude Include="92.h">
      <Filter>Header Files\81-100</Filter>
    </ClInclude>
    <ClInclude Include="93.h">
      <Filter>Header Files\81-100</Filter>
    </ClInclude>
    <ClInclude Include="96.h">
      <Filter>Header Files\81-100</Filter>
    </ClInclude>
    <ClInclude Include="97.h">
      <Filter>Header Files\81-100</Filter>
    </ClInclude>
    <ClInclude Include="98.h">
      <Filter>Header Files\81-100</Filter>
    </ClInclude>
    <ClInclude Include="17.h">
      <Filter>Header Files\1-20</Filter>
    </ClInclude>
    <ClInclude Include="146.h">
      <Filter>Header Files\141-160</Filter>
    </ClInclude>
    <ClInclude Include="78.h">
      <Filter>Header Files\61-80</Filter>
    </ClInclude>
    <ClInclude Include="101.h">
      <Filter>Header Files\101-120</Filter>
    </ClInclude>
    <ClInclude Include="66.h">
      <Filter>Header Files\61-80</Filter>
    </ClInclude>
    <ClInclude Include="148.h">
      <Filter>Header Files\141-160</Filter>
    </ClInclude>
    <ClInclude Include="181.h">
      <Filter>Header Files\181-200</Filter>
    </ClInclude>
    <ClInclude Include="75.h">
      <Filter>Header Files\61-80</Filter>
    </ClInclude>
    <ClInclude Include="71.h">
      <Filter>Header Files\61-80</Filter>
    </ClInclude>
    <ClInclude Include="189.h">
      <Filter>Header Files\181-200</Filter>
    </ClInclude>
    <ClInclude Include="149.h">
      <Filter>Header Files\141-160</Filter>
    </ClInclude>
    <ClInclude Include="166.h">
      <Filter>Header Files\161-180</Filter>
    </ClInclude>
    <ClInclude Include="173.h">
      <Filter>Header Files\161-180</Filter>
    </ClInclude>
    <ClInclude Include="174.h">
      <Filter>Header Files\161-180</Filter>
    </ClInclude>
    <ClInclude Include="180.h">
      <Filter>Header Files\161-180</Filter>
    </ClInclude>
    <ClInclude Include="186.h">
      <Filter>Header Files\181-200</Filter>
    </ClInclude>
    <ClInclude Include="183.h">
      <Filter>Header Files\181-200</Filter>
    </ClInclude>
    <ClInclude Include="139.h">
      <Filter>Header Files\121-140</Filter>
    </ClInclude>
    <ClInclude Include="14.h">
      <Filter>Header Files\1-20</Filter>
    </ClInclude>
  </ItemGroup>
  <ItemGroup>
    <None Include="1.txt">
      <Filter>Resource Files</Filter>
    </None>
    <None Include="2.txt">
      <Filter>Resource Files</Filter>
    </None>
    <None Include="13.txt">
      <Filter>Resource Files</Filter>
    </None>
    <None Include="16.txt">
      <Filter>Resource Files</Filter>
    </None>
    <None Include="27.txt">
      <Filter>Resource Files</Filter>
    </None>
    <None Include="52.txt">
      <Filter>Resource Files</Filter>
    </None>
    <None Include="74.txt">
      <Filter>Resource Files</Filter>
    </None>
    <None Include="76.txt">
      <Filter>Resource Files</Filter>
    </None>
    <None Include="139.txt">
      <Filter>Resource Files</Filter>
    </None>
    <None Include="144.txt">
      <Filter>Resource Files</Filter>
    </None>
    <None Include="147.txt">
      <Filter>Resource Files</Filter>
    </None>
    <None Include="152.txt">
      <Filter>Resource Files</Filter>
    </None>
    <None Include="153.txt">
      <Filter>Resource Files</Filter>
    </None>
    <None Include="156.txt">
      <Filter>Resource Files</Filter>
    </None>
    <None Include="160.txt">
      <Filter>Resource Files</Filter>
    </None>
    <None Include="163.txt">
      <Filter>Resource Files</Filter>
    </None>
  </ItemGroup>
</Project>