
Microsoft Visual Studio Solution File, Format Version 12.00
# Visual Studio 14
VisualStudioVersion = 14.0.24720.0
MinimumVisualStudioVersion = 10.0.40219.1
Project("{8BC9CEB8-8B4A-11D0-8D11-00A0C91BC942}") = "codeeval", "codeeval\codeeval.vcxproj", "{9909FCF1-474E-4142-8695-116E0F7A71F7}"
	ProjectSection(ProjectDependencies) = postProject
		{5C53012F-0C02-460D-5CA8-7E32DEBDB87A} = {5C53012F-0C02-460D-5CA8-7E32DEBDB87A}
		{89735DC7-EA6D-F09B-166C-E02C86FE906C} = {89735DC7-EA6D-F09B-166C-E02C86FE906C}
	EndProjectSection
EndProject
Project("{8BC9CEB8-8B4A-11D0-8D11-00A0C91BC942}") = "ConsoleLoggerHelper", "ConsoleLoggerHelper\ConsoleLoggerHelper.vcxproj", "{5C53012F-0C02-460D-5CA8-7E32DEBDB87A}"
	ProjectSection(ProjectDependencies) = postProject
		{89735DC7-EA6D-F09B-166C-E02C86FE906C} = {89735DC7-EA6D-F09B-166C-E02C86FE906C}
	EndProjectSection
EndProject
Project("{8BC9CEB8-8B4A-11D0-8D11-00A0C91BC942}") = "ConsoleLoggerLib", "ConsoleLoggerLib.vcxproj", "{89735DC7-EA6D-F09B-166C-E02C86FE906C}"
EndProject
Project("{8BC9CEB8-8B4A-11D0-8D11-00A0C91BC942}") = "codeeval_cpp", "codeeval_cpp\codeeval_cpp.vcxproj", "{DEDE1247-97DD-4785-939F-45FC5FAADEBA}"
EndProject
Project("{8BC9CEB8-8B4A-11D0-8D11-00A0C91BC942}") = "codeeval_c", "..\c\codeeval\codeeval_c.vcxproj", "{8181BF17-0A45-422F-82E8-DD35778E6EF9}"
EndProject
Global
	GlobalSection(SolutionConfigurationPlatforms) = preSolution
		Debug|Win32 = Debug|Win32
		Debug|x64 = Debug|x64
		Release|Win32 = Release|Win32
		Release|x64 = Release|x64
		Template|Win32 = Template|Win32
		Template|x64 = Template|x64
	EndGlobalSection
	GlobalSection(ProjectConfigurationPlatforms) = postSolution
		{9909FCF1-474E-4142-8695-116E0F7A71F7}.Debug|Win32.ActiveCfg = Debug|Win32
		{9909FCF1-474E-4142-8695-116E0F7A71F7}.Debug|Win32.Build.0 = Debug|Win32
		{9909FCF1-474E-4142-8695-116E0F7A71F7}.Debug|x64.ActiveCfg = Debug|Win32
		{9909FCF1-474E-4142-8695-116E0F7A71F7}.Release|Win32.ActiveCfg = Release|Win32
		{9909FCF1-474E-4142-8695-116E0F7A71F7}.Release|Win32.Build.0 = Release|Win32
		{9909FCF1-474E-4142-8695-116E0F7A71F7}.Release|x64.ActiveCfg = Release|Win32
		{9909FCF1-474E-4142-8695-116E0F7A71F7}.Template|Win32.ActiveCfg = Release|Win32
		{9909FCF1-474E-4142-8695-116E0F7A71F7}.Template|Win32.Build.0 = Release|Win32
		{9909FCF1-474E-4142-8695-116E0F7A71F7}.Template|x64.ActiveCfg = Release|Win32
		{9909FCF1-474E-4142-8695-116E0F7A71F7}.Template|x64.Build.0 = Release|Win32
		{5C53012F-0C02-460D-5CA8-7E32DEBDB87A}.Debug|Win32.ActiveCfg = Debug|Win32
		{5C53012F-0C02-460D-5CA8-7E32DEBDB87A}.Debug|Win32.Build.0 = Debug|Win32
		{5C53012F-0C02-460D-5CA8-7E32DEBDB87A}.Debug|x64.ActiveCfg = Debug|Win32
		{5C53012F-0C02-460D-5CA8-7E32DEBDB87A}.Release|Win32.ActiveCfg = Release|Win32
		{5C53012F-0C02-460D-5CA8-7E32DEBDB87A}.Release|Win32.Build.0 = Release|Win32
		{5C53012F-0C02-460D-5CA8-7E32DEBDB87A}.Release|x64.ActiveCfg = Release|Win32
		{5C53012F-0C02-460D-5CA8-7E32DEBDB87A}.Template|Win32.ActiveCfg = Release|Win32
		{5C53012F-0C02-460D-5CA8-7E32DEBDB87A}.Template|Win32.Build.0 = Release|Win32
		{5C53012F-0C02-460D-5CA8-7E32DEBDB87A}.Template|x64.ActiveCfg = Release|Win32
		{5C53012F-0C02-460D-5CA8-7E32DEBDB87A}.Template|x64.Build.0 = Release|Win32
		{89735DC7-EA6D-F09B-166C-E02C86FE906C}.Debug|Win32.ActiveCfg = Debug|Win32
		{89735DC7-EA6D-F09B-166C-E02C86FE906C}.Debug|Win32.Build.0 = Debug|Win32
		{89735DC7-EA6D-F09B-166C-E02C86FE906C}.Debug|x64.ActiveCfg = Debug|Win32
		{89735DC7-EA6D-F09B-166C-E02C86FE906C}.Release|Win32.ActiveCfg = Release|Win32
		{89735DC7-EA6D-F09B-166C-E02C86FE906C}.Release|Win32.Build.0 = Release|Win32
		{89735DC7-EA6D-F09B-166C-E02C86FE906C}.Release|x64.ActiveCfg = Release|Win32
		{89735DC7-EA6D-F09B-166C-E02C86FE906C}.Template|Win32.ActiveCfg = Template|Win32
		{89735DC7-EA6D-F09B-166C-E02C86FE906C}.Template|Win32.Build.0 = Template|Win32
		{89735DC7-EA6D-F09B-166C-E02C86FE906C}.Template|x64.ActiveCfg = Template|Win32
		{DEDE1247-97DD-4785-939F-45FC5FAADEBA}.Debug|Win32.ActiveCfg = Debug|Win32
		{DEDE1247-97DD-4785-939F-45FC5FAADEBA}.Debug|Win32.Build.0 = Debug|Win32
		{DEDE1247-97DD-4785-939F-45FC5FAADEBA}.Debug|x64.ActiveCfg = Debug|x64
		{DEDE1247-97DD-4785-939F-45FC5FAADEBA}.Debug|x64.Build.0 = Debug|x64
		{DEDE1247-97DD-4785-939F-45FC5FAADEBA}.Release|Win32.ActiveCfg = Release|Win32
		{DEDE1247-97DD-4785-939F-45FC5FAADEBA}.Release|Win32.Build.0 = Release|Win32
		{DEDE1247-97DD-4785-939F-45FC5FAADEBA}.Release|x64.ActiveCfg = Release|x64
		{DEDE1247-97DD-4785-939F-45FC5FAADEBA}.Release|x64.Build.0 = Release|x64
		{DEDE1247-97DD-4785-939F-45FC5FAADEBA}.Template|Win32.ActiveCfg = Release|Win32
		{DEDE1247-97DD-4785-939F-45FC5FAADEBA}.Template|Win32.Build.0 = Release|Win32
		{DEDE1247-97DD-4785-939F-45FC5FAADEBA}.Template|x64.ActiveCfg = Release|x64
		{DEDE1247-97DD-4785-939F-45FC5FAADEBA}.Template|x64.Build.0 = Release|x64
		{8181BF17-0A45-422F-82E8-DD35778E6EF9}.Debug|Win32.ActiveCfg = Debug|Win32
		{8181BF17-0A45-422F-82E8-DD35778E6EF9}.Debug|Win32.Build.0 = Debug|Win32
		{8181BF17-0A45-422F-82E8-DD35778E6EF9}.Debug|x64.ActiveCfg = Debug|Win32
		{8181BF17-0A45-422F-82E8-DD35778E6EF9}.Release|Win32.ActiveCfg = Release|Win32
		{8181BF17-0A45-422F-82E8-DD35778E6EF9}.Release|Win32.Build.0 = Release|Win32
		{8181BF17-0A45-422F-82E8-DD35778E6EF9}.Release|x64.ActiveCfg = Release|Win32
		{8181BF17-0A45-422F-82E8-DD35778E6EF9}.Template|Win32.ActiveCfg = Release|Win32
		{8181BF17-0A45-422F-82E8-DD35778E6EF9}.Template|Win32.Build.0 = Release|Win32
		{8181BF17-0A45-422F-82E8-DD35778E6EF9}.Template|x64.ActiveCfg = Release|Win32
		{8181BF17-0A45-422F-82E8-DD35778E6EF9}.Template|x64.Build.0 = Release|Win32
	EndGlobalSection
	GlobalSection(SolutionProperties) = preSolution
		HideSolutionNode = FALSE
	EndGlobalSection
EndGlobal
